
Microsoft Visual Studio Solution File, Format Version 12.00
# Visual Studio Version 17
VisualStudioVersion = 17.5.002.0
MinimumVisualStudioVersion = 10.0.40219.1
Project("{9A19103F-16F7-4668-BE54-9A1E7A4F7556}") = "Assignment-1-API", "Assignment-1-API.csproj", "{B4F39FB0-77E2-4403-BC9C-28471A960A55}"
EndProject
Global
	GlobalSection(SolutionConfigurationPlatforms) = preSolution
		Debug|Any CPU = Debug|Any CPU
		Release|Any CPU = Release|Any CPU
	EndGlobalSection
	GlobalSection(ProjectConfigurationPlatforms) = postSolution
		{B4F39FB0-77E2-4403-BC9C-28471A960A55}.Debug|Any CPU.ActiveCfg = Debug|Any CPU
		{B4F39FB0-77E2-4403-BC9C-28471A960A55}.Debug|Any CPU.Build.0 = Debug|Any CPU
		{B4F39FB0-77E2-4403-BC9C-28471A960A55}.Release|Any CPU.ActiveCfg = Release|Any CPU
		{B4F39FB0-77E2-4403-BC9C-28471A960A55}.Release|Any CPU.Build.0 = Release|Any CPU
	EndGlobalSection
	GlobalSection(SolutionProperties) = preSolution
		HideSolutionNode = FALSE
	EndGlobalSection
	GlobalSection(ExtensibilityGlobals) = postSolution
		SolutionGuid = {7C90FE93-0BC4-4F10-B5A9-66AE4A68213F}
	EndGlobalSection
EndGlobal
